
Microsoft Visual Studio Solution File, Format Version 12.00
# Visual Studio Version 17
VisualStudioVersion = 17.3.32901.215
MinimumVisualStudioVersion = 10.0.40219.1
Project("{9A19103F-16F7-4668-BE54-9A1E7A4F7556}") = "WebApplication.WebApp", "WebApplication1\WebApplication.WebApp.csproj", "{1430CADC-6381-4629-BFE4-059883060B0A}"
EndProject
Project("{9A19103F-16F7-4668-BE54-9A1E7A4F7556}") = "WebApplication.Model", "WebApplication.Model\WebApplication.Model.csproj", "{8DEF6255-EE73-44C8-A280-5ABE0C43FD50}"
EndProject
Project("{9A19103F-16F7-4668-BE54-9A1E7A4F7556}") = "WebApplication.Data", "WebApplication.Data\WebApplication.Data.csproj", "{9B3E978D-910E-4995-A1DD-6B8199745FBE}"
EndProject
Project("{FAE04EC0-301F-11D3-BF4B-00C04F79EFBC}") = "WebApplication.Controller", "WebApplication.Controller\WebApplication.Controller.csproj", "{DAFBCE5A-3D90-449C-955B-B10078AF35E6}"
EndProject
Project("{FAE04EC0-301F-11D3-BF4B-00C04F79EFBC}") = "WebApplication.Infrastructure", "WebApplication.Infrastructure\WebApplication.Infrastructure.csproj", "{10E82D7A-E073-44E4-A4F0-5897C79859E0}"
EndProject
Global
	GlobalSection(SolutionConfigurationPlatforms) = preSolution
		Debug|Any CPU = Debug|Any CPU
		Release|Any CPU = Release|Any CPU
	EndGlobalSection
	GlobalSection(ProjectConfigurationPlatforms) = postSolution
		{1430CADC-6381-4629-BFE4-059883060B0A}.Debug|Any CPU.ActiveCfg = Debug|Any CPU
		{1430CADC-6381-4629-BFE4-059883060B0A}.Debug|Any CPU.Build.0 = Debug|Any CPU
		{1430CADC-6381-4629-BFE4-059883060B0A}.Release|Any CPU.ActiveCfg = Release|Any CPU
		{1430CADC-6381-4629-BFE4-059883060B0A}.Release|Any CPU.Build.0 = Release|Any CPU
		{8DEF6255-EE73-44C8-A280-5ABE0C43FD50}.Debug|Any CPU.ActiveCfg = Debug|Any CPU
		{8DEF6255-EE73-44C8-A280-5ABE0C43FD50}.Debug|Any CPU.Build.0 = Debug|Any CPU
		{8DEF6255-EE73-44C8-A280-5ABE0C43FD50}.Release|Any CPU.ActiveCfg = Release|Any CPU
		{8DEF6255-EE73-44C8-A280-5ABE0C43FD50}.Release|Any CPU.Build.0 = Release|Any CPU
		{9B3E978D-910E-4995-A1DD-6B8199745FBE}.Debug|Any CPU.ActiveCfg = Debug|Any CPU
		{9B3E978D-910E-4995-A1DD-6B8199745FBE}.Debug|Any CPU.Build.0 = Debug|Any CPU
		{9B3E978D-910E-4995-A1DD-6B8199745FBE}.Release|Any CPU.ActiveCfg = Release|Any CPU
		{9B3E978D-910E-4995-A1DD-6B8199745FBE}.Release|Any CPU.Build.0 = Release|Any CPU
		{DAFBCE5A-3D90-449C-955B-B10078AF35E6}.Debug|Any CPU.ActiveCfg = Debug|Any CPU
		{DAFBCE5A-3D90-449C-955B-B10078AF35E6}.Debug|Any CPU.Build.0 = Debug|Any CPU
		{DAFBCE5A-3D90-449C-955B-B10078AF35E6}.Release|Any CPU.ActiveCfg = Release|Any CPU
		{DAFBCE5A-3D90-449C-955B-B10078AF35E6}.Release|Any CPU.Build.0 = Release|Any CPU
		{10E82D7A-E073-44E4-A4F0-5897C79859E0}.Debug|Any CPU.ActiveCfg = Debug|Any CPU
		{10E82D7A-E073-44E4-A4F0-5897C79859E0}.Debug|Any CPU.Build.0 = Debug|Any CPU
		{10E82D7A-E073-44E4-A4F0-5897C79859E0}.Release|Any CPU.ActiveCfg = Release|Any CPU
		{10E82D7A-E073-44E4-A4F0-5897C79859E0}.Release|Any CPU.Build.0 = Release|Any CPU
	EndGlobalSection
	GlobalSection(SolutionProperties) = preSolution
		HideSolutionNode = FALSE
	EndGlobalSection
	GlobalSection(ExtensibilityGlobals) = postSolution
		SolutionGuid = {4CD7D2FE-71C7-4A76-9187-E10FD9CC7928}
	EndGlobalSection
EndGlobal
